
Microsoft Visual Studio Solution File, Format Version 12.00
# Visual Studio Version 16
VisualStudioVersion = 16.0.29728.190
MinimumVisualStudioVersion = 10.0.40219.1
Project("{9A19103F-16F7-4668-BE54-9A1E7A4F7556}") = "MongoDB.Hosted", "src\MongoDb.Embedded\MongoDB.Hosted.csproj", "{9A744F18-853B-4EBA-815F-53AAED8ACF87}"
EndProject
Project("{9A19103F-16F7-4668-BE54-9A1E7A4F7556}") = "MongoDB.Hosted.Tests", "src\MongoDb.Embedded.Tests\MongoDB.Hosted.Tests.csproj", "{EE5BA891-F82C-47C4-99FC-6F338A3117DE}"
EndProject
Global
	GlobalSection(SolutionConfigurationPlatforms) = preSolution
		Debug|Any CPU = Debug|Any CPU
		Debug|Mixed Platforms = Debug|Mixed Platforms
		Debug|x86 = Debug|x86
		Release|Any CPU = Release|Any CPU
		Release|Mixed Platforms = Release|Mixed Platforms
		Release|x86 = Release|x86
	EndGlobalSection
	GlobalSection(ProjectConfigurationPlatforms) = postSolution
		{9A744F18-853B-4EBA-815F-53AAED8ACF87}.Debug|Any CPU.ActiveCfg = Debug|Any CPU
		{9A744F18-853B-4EBA-815F-53AAED8ACF87}.Debug|Any CPU.Build.0 = Debug|Any CPU
		{9A744F18-853B-4EBA-815F-53AAED8ACF87}.Debug|Mixed Platforms.ActiveCfg = Debug|Any CPU
		{9A744F18-853B-4EBA-815F-53AAED8ACF87}.Debug|Mixed Platforms.Build.0 = Debug|Any CPU
		{9A744F18-853B-4EBA-815F-53AAED8ACF87}.Debug|x86.ActiveCfg = Debug|Any CPU
		{9A744F18-853B-4EBA-815F-53AAED8ACF87}.Debug|x86.Build.0 = Debug|Any CPU
		{9A744F18-853B-4EBA-815F-53AAED8ACF87}.Release|Any CPU.ActiveCfg = Release|Any CPU
		{9A744F18-853B-4EBA-815F-53AAED8ACF87}.Release|Any CPU.Build.0 = Release|Any CPU
		{9A744F18-853B-4EBA-815F-53AAED8ACF87}.Release|Mixed Platforms.ActiveCfg = Release|Any CPU
		{9A744F18-853B-4EBA-815F-53AAED8ACF87}.Release|Mixed Platforms.Build.0 = Release|Any CPU
		{9A744F18-853B-4EBA-815F-53AAED8ACF87}.Release|x86.ActiveCfg = Release|Any CPU
		{9A744F18-853B-4EBA-815F-53AAED8ACF87}.Release|x86.Build.0 = Release|Any CPU
		{EE5BA891-F82C-47C4-99FC-6F338A3117DE}.Debug|Any CPU.ActiveCfg = Debug|Any CPU
		{EE5BA891-F82C-47C4-99FC-6F338A3117DE}.Debug|Any CPU.Build.0 = Debug|Any CPU
		{EE5BA891-F82C-47C4-99FC-6F338A3117DE}.Debug|Mixed Platforms.ActiveCfg = Debug|Any CPU
		{EE5BA891-F82C-47C4-99FC-6F338A3117DE}.Debug|Mixed Platforms.Build.0 = Debug|Any CPU
		{EE5BA891-F82C-47C4-99FC-6F338A3117DE}.Debug|x86.ActiveCfg = Debug|Any CPU
		{EE5BA891-F82C-47C4-99FC-6F338A3117DE}.Release|Any CPU.ActiveCfg = Release|Any CPU
		{EE5BA891-F82C-47C4-99FC-6F338A3117DE}.Release|Any CPU.Build.0 = Release|Any CPU
		{EE5BA891-F82C-47C4-99FC-6F338A3117DE}.Release|Mixed Platforms.ActiveCfg = Release|Any CPU
		{EE5BA891-F82C-47C4-99FC-6F338A3117DE}.Release|Mixed Platforms.Build.0 = Release|Any CPU
		{EE5BA891-F82C-47C4-99FC-6F338A3117DE}.Release|x86.ActiveCfg = Release|Any CPU
	EndGlobalSection
	GlobalSection(SolutionProperties) = preSolution
		HideSolutionNode = FALSE
	EndGlobalSection
	GlobalSection(ExtensibilityGlobals) = postSolution
		SolutionGuid = {7869B132-E4AD-4B02-A2C9-1EBD096C6D9F}
	EndGlobalSection
EndGlobal
