

Microsoft Visual Studio Solution File, Format Version 12.00
# Visual Studio Version 16
VisualStudioVersion = 16.0.29728.190
MinimumVisualStudioVersion = 10.0.40219.1
Project("{9A19103F-16F7-4668-BE54-9A1E7A4F7556}") = "MongoDB.Hosted", "MongoDb.Hosted\MongoDB.Hosted.csproj", "{88047A79-92A3-47A6-8469-9D052EDD033F}"
EndProject
Project("{9A19103F-16F7-4668-BE54-9A1E7A4F7556}") = "MongoDB.Hosted.Tests", "MongoDb.Hosted.Tests\MongoDB.Hosted.Tests.csproj", "{D07690C4-D2FF-47BD-8FEF-AFE506742A06}"
EndProject
Global
	GlobalSection(SolutionConfigurationPlatforms) = preSolution
		Debug|Any CPU = Debug|Any CPU
		Release|Any CPU = Release|Any CPU
	EndGlobalSection
	GlobalSection(ProjectConfigurationPlatforms) = postSolution
		{88047A79-92A3-47A6-8469-9D052EDD033F}.Debug|Any CPU.ActiveCfg = Debug|Any CPU
		{88047A79-92A3-47A6-8469-9D052EDD033F}.Debug|Any CPU.Build.0 = Debug|Any CPU
		{88047A79-92A3-47A6-8469-9D052EDD033F}.Release|Any CPU.ActiveCfg = Release|Any CPU
		{88047A79-92A3-47A6-8469-9D052EDD033F}.Release|Any CPU.Build.0 = Release|Any CPU
		{D07690C4-D2FF-47BD-8FEF-AFE506742A06}.Debug|Any CPU.ActiveCfg = Debug|Any CPU
		{D07690C4-D2FF-47BD-8FEF-AFE506742A06}.Debug|Any CPU.Build.0 = Debug|Any CPU
		{D07690C4-D2FF-47BD-8FEF-AFE506742A06}.Release|Any CPU.ActiveCfg = Release|Any CPU
		{D07690C4-D2FF-47BD-8FEF-AFE506742A06}.Release|Any CPU.Build.0 = Release|Any CPU
	EndGlobalSection
	GlobalSection(SolutionProperties) = preSolution
		HideSolutionNode = FALSE
	EndGlobalSection
	GlobalSection(ExtensibilityGlobals) = postSolution
		SolutionGuid = {7869B132-E4AD-4B02-A2C9-1EBD096C6D9F}
	EndGlobalSection
EndGlobal
